
Microsoft Visual Studio Solution File, Format Version 12.00
# Visual Studio 15
VisualStudioVersion = 15.0.27703.2042
MinimumVisualStudioVersion = 10.0.40219.1
Project("{151D2E53-A2C4-4D7D-83FE-D05416EBD58E}") = "DeployNewForrest", "DeployNewForrest\DeployNewForrest.deployproj", "{9C4192D2-294C-4425-BDBB-7577DE2DA012}"
EndProject
Global
	GlobalSection(SolutionConfigurationPlatforms) = preSolution
		Debug|Any CPU = Debug|Any CPU
		Release|Any CPU = Release|Any CPU
	EndGlobalSection
	GlobalSection(ProjectConfigurationPlatforms) = postSolution
		{9C4192D2-294C-4425-BDBB-7577DE2DA012}.Debug|Any CPU.ActiveCfg = Debug|Any CPU
		{9C4192D2-294C-4425-BDBB-7577DE2DA012}.Debug|Any CPU.Build.0 = Debug|Any CPU
		{9C4192D2-294C-4425-BDBB-7577DE2DA012}.Release|Any CPU.ActiveCfg = Release|Any CPU
		{9C4192D2-294C-4425-BDBB-7577DE2DA012}.Release|Any CPU.Build.0 = Release|Any CPU
	EndGlobalSection
	GlobalSection(SolutionProperties) = preSolution
		HideSolutionNode = FALSE
	EndGlobalSection
	GlobalSection(ExtensibilityGlobals) = postSolution
		SolutionGuid = {C58393FD-5CA4-47C2-A80C-F073D3C4559E}
	EndGlobalSection
EndGlobal
